
Microsoft Visual Studio Solution File, Format Version 12.00
# Visual Studio Version 16
VisualStudioVersion = 16.0.31229.75
MinimumVisualStudioVersion = 10.0.40219.1
Project("{FAE04EC0-301F-11D3-BF4B-00C04F79EFBC}") = "Slutuppgift_Camp_Julia", "Slutuppgift_Camp_Julia\Slutuppgift_Camp_Julia.csproj", "{F0D84C1F-7CAF-4D80-9D42-16E3B2443168}"
EndProject
Global
	GlobalSection(SolutionConfigurationPlatforms) = preSolution
		Debug|Any CPU = Debug|Any CPU
		Release|Any CPU = Release|Any CPU
	EndGlobalSection
	GlobalSection(ProjectConfigurationPlatforms) = postSolution
		{F0D84C1F-7CAF-4D80-9D42-16E3B2443168}.Debug|Any CPU.ActiveCfg = Debug|Any CPU
		{F0D84C1F-7CAF-4D80-9D42-16E3B2443168}.Debug|Any CPU.Build.0 = Debug|Any CPU
		{F0D84C1F-7CAF-4D80-9D42-16E3B2443168}.Release|Any CPU.ActiveCfg = Release|Any CPU
		{F0D84C1F-7CAF-4D80-9D42-16E3B2443168}.Release|Any CPU.Build.0 = Release|Any CPU
	EndGlobalSection
	GlobalSection(SolutionProperties) = preSolution
		HideSolutionNode = FALSE
	EndGlobalSection
	GlobalSection(ExtensibilityGlobals) = postSolution
		SolutionGuid = {811E735F-FE13-4DEF-99B1-B300D34F5210}
	EndGlobalSection
EndGlobal
